
Microsoft Visual Studio Solution File, Format Version 12.00
# Visual Studio Version 16
VisualStudioVersion = 16.0.29411.108
MinimumVisualStudioVersion = 10.0.40219.1
Project("{FAE04EC0-301F-11D3-BF4B-00C04F79EFBC}") = "NetSolutions.LegacyWebApp", "NetSolutions.LegacyWebApp\NetSolutions.LegacyWebApp.csproj", "{D772B117-0063-4288-8465-1304ACD872EB}"
EndProject
Global
	GlobalSection(SolutionConfigurationPlatforms) = preSolution
		Debug|Any CPU = Debug|Any CPU
		Release|Any CPU = Release|Any CPU
	EndGlobalSection
	GlobalSection(ProjectConfigurationPlatforms) = postSolution
		{D772B117-0063-4288-8465-1304ACD872EB}.Debug|Any CPU.ActiveCfg = Debug|Any CPU
		{D772B117-0063-4288-8465-1304ACD872EB}.Debug|Any CPU.Build.0 = Debug|Any CPU
		{D772B117-0063-4288-8465-1304ACD872EB}.Release|Any CPU.ActiveCfg = Release|Any CPU
		{D772B117-0063-4288-8465-1304ACD872EB}.Release|Any CPU.Build.0 = Release|Any CPU
	EndGlobalSection
	GlobalSection(SolutionProperties) = preSolution
		HideSolutionNode = FALSE
	EndGlobalSection
	GlobalSection(ExtensibilityGlobals) = postSolution
		SolutionGuid = {A456F92E-4FDA-4B64-889E-CECC9B47B683}
	EndGlobalSection
EndGlobal
